
Microsoft Visual Studio Solution File, Format Version 12.00
# Visual Studio 15
VisualStudioVersion = 15.0.26730.12
MinimumVisualStudioVersion = 10.0.40219.1
Project("{FAE04EC0-301F-11D3-BF4B-00C04F79EFBC}") = "WebApp-OpenIDConnect-DotNet", "WebApp-OpenIDConnect-DotNet\WebApp-OpenIDConnect-DotNet.csproj", "{A1DF160D-65C7-4865-93A3-538038F9727C}"
EndProject
Global
	GlobalSection(SolutionConfigurationPlatforms) = preSolution
		Debug|Any CPU = Debug|Any CPU
		Release|Any CPU = Release|Any CPU
	EndGlobalSection
	GlobalSection(ProjectConfigurationPlatforms) = postSolution
		{A1DF160D-65C7-4865-93A3-538038F9727C}.Debug|Any CPU.ActiveCfg = Debug|Any CPU
		{A1DF160D-65C7-4865-93A3-538038F9727C}.Debug|Any CPU.Build.0 = Debug|Any CPU
		{A1DF160D-65C7-4865-93A3-538038F9727C}.Release|Any CPU.ActiveCfg = Release|Any CPU
		{A1DF160D-65C7-4865-93A3-538038F9727C}.Release|Any CPU.Build.0 = Release|Any CPU
	EndGlobalSection
	GlobalSection(SolutionProperties) = preSolution
		HideSolutionNode = FALSE
	EndGlobalSection
	GlobalSection(ExtensibilityGlobals) = postSolution
		SolutionGuid = {E1DB2BE4-8D9D-4691-9EE4-46BDF78119FA}
	EndGlobalSection
EndGlobal
